
Microsoft Visual Studio Solution File, Format Version 12.00
# Visual Studio Version 17
VisualStudioVersion = 17.5.002.0
MinimumVisualStudioVersion = 10.0.40219.1
Project("{9A19103F-16F7-4668-BE54-9A1E7A4F7556}") = "BlazingPizza", "BlazingPizza.csproj", "{925FBC42-3E69-4D99-B15B-C4BBE7871346}"
EndProject
Global
	GlobalSection(SolutionConfigurationPlatforms) = preSolution
		Debug|Any CPU = Debug|Any CPU
		Release|Any CPU = Release|Any CPU
	EndGlobalSection
	GlobalSection(ProjectConfigurationPlatforms) = postSolution
		{925FBC42-3E69-4D99-B15B-C4BBE7871346}.Debug|Any CPU.ActiveCfg = Debug|Any CPU
		{925FBC42-3E69-4D99-B15B-C4BBE7871346}.Debug|Any CPU.Build.0 = Debug|Any CPU
		{925FBC42-3E69-4D99-B15B-C4BBE7871346}.Release|Any CPU.ActiveCfg = Release|Any CPU
		{925FBC42-3E69-4D99-B15B-C4BBE7871346}.Release|Any CPU.Build.0 = Release|Any CPU
	EndGlobalSection
	GlobalSection(SolutionProperties) = preSolution
		HideSolutionNode = FALSE
	EndGlobalSection
	GlobalSection(ExtensibilityGlobals) = postSolution
		SolutionGuid = {A86B970B-BD39-4245-9D9B-520DB1EAF274}
	EndGlobalSection
EndGlobal
